// !$*UTF8*$!
{
	archiveVersion = 1;
	classes = {
	};
	objectVersion = 55;
	objects = {

/* Begin PBXBuildFile section */
		0D269F3A287F115C0094D15A /* UsersRepository.swift in Sources */ = {isa = PBXBuildFile; fileRef = 0D269F39287F115C0094D15A /* UsersRepository.swift */; };
		0D269F3C287F1F810094D15A /* CollectionExtensions.swift in Sources */ = {isa = PBXBuildFile; fileRef = 0D269F3B287F1F810094D15A /* CollectionExtensions.swift */; };
		0D4213CB28815C3600FBBD57 /* Router.swift in Sources */ = {isa = PBXBuildFile; fileRef = 0D4213CA28815C3600FBBD57 /* Router.swift */; };
		0D4213CD28815FFA00FBBD57 /* UserDetailsPresenter.swift in Sources */ = {isa = PBXBuildFile; fileRef = 0D4213CC28815FFA00FBBD57 /* UserDetailsPresenter.swift */; };
		0D4213CF2881602C00FBBD57 /* UserDetailsViewProtocol.swift in Sources */ = {isa = PBXBuildFile; fileRef = 0D4213CE2881602C00FBBD57 /* UserDetailsViewProtocol.swift */; };
		0D54B90F2880216C00F1F403 /* Podfile in Resources */ = {isa = PBXBuildFile; fileRef = 0D54B90E2880216C00F1F403 /* Podfile */; };
		0D54B911288029AE00F1F403 /* UsersService.swift in Sources */ = {isa = PBXBuildFile; fileRef = 0D54B910288029AE00F1F403 /* UsersService.swift */; };
		0D54B913288035A800F1F403 /* StringExtensions.swift in Sources */ = {isa = PBXBuildFile; fileRef = 0D54B912288035A800F1F403 /* StringExtensions.swift */; };
		0D54B91628803DD900F1F403 /* UsersViewProtocol.swift in Sources */ = {isa = PBXBuildFile; fileRef = 0D54B91528803DD900F1F403 /* UsersViewProtocol.swift */; };
		0D54B9182880404F00F1F403 /* ModuleBuilder.swift in Sources */ = {isa = PBXBuildFile; fileRef = 0D54B9172880404F00F1F403 /* ModuleBuilder.swift */; };
		0D74AB7D287D7C1700A489AD /* AppDelegate.swift in Sources */ = {isa = PBXBuildFile; fileRef = 0D74AB7C287D7C1700A489AD /* AppDelegate.swift */; };
		0D74AB7F287D7C1700A489AD /* SceneDelegate.swift in Sources */ = {isa = PBXBuildFile; fileRef = 0D74AB7E287D7C1700A489AD /* SceneDelegate.swift */; };
		0D74AB84287D7C1700A489AD /* Main.storyboard in Resources */ = {isa = PBXBuildFile; fileRef = 0D74AB82287D7C1700A489AD /* Main.storyboard */; };
		0D74AB86287D7C1900A489AD /* Assets.xcassets in Resources */ = {isa = PBXBuildFile; fileRef = 0D74AB85287D7C1900A489AD /* Assets.xcassets */; };
		0D74AB89287D7C1900A489AD /* LaunchScreen.storyboard in Resources */ = {isa = PBXBuildFile; fileRef = 0D74AB87287D7C1900A489AD /* LaunchScreen.storyboard */; };
		0D74AB92287D81AD00A489AD /* UserEntity.swift in Sources */ = {isa = PBXBuildFile; fileRef = 0D74AB91287D81AD00A489AD /* UserEntity.swift */; };
		0D74AB98287D835C00A489AD /* UsersTableViewController.swift in Sources */ = {isa = PBXBuildFile; fileRef = 0D74AB97287D835C00A489AD /* UsersTableViewController.swift */; };
		0D74AB9B287D87A900A489AD /* UserTableViewCell.swift in Sources */ = {isa = PBXBuildFile; fileRef = 0D74AB99287D87A900A489AD /* UserTableViewCell.swift */; };
		0D74ABA2287D971700A489AD /* UsersPresenter.swift in Sources */ = {isa = PBXBuildFile; fileRef = 0D74ABA1287D971700A489AD /* UsersPresenter.swift */; };
		0D74ABA4287D978B00A489AD /* Result.swift in Sources */ = {isa = PBXBuildFile; fileRef = 0D74ABA3287D978B00A489AD /* Result.swift */; };
		0D74ABA6287DA6C700A489AD /* UserUI.swift in Sources */ = {isa = PBXBuildFile; fileRef = 0D74ABA5287DA6C700A489AD /* UserUI.swift */; };
		0D74ABA8287DA6FE00A489AD /* UserExtensions.swift in Sources */ = {isa = PBXBuildFile; fileRef = 0D74ABA7287DA6FE00A489AD /* UserExtensions.swift */; };
		0D74ABAA287DB02900A489AD /* UserDetailsViewController.swift in Sources */ = {isa = PBXBuildFile; fileRef = 0D74ABA9287DB02900A489AD /* UserDetailsViewController.swift */; };
		EC35EF69E3D4AF3201EC7AF7 /* Pods_UsersListPlaceholder.framework in Frameworks */ = {isa = PBXBuildFile; fileRef = E783C92B6080E6AAE22EC58E /* Pods_UsersListPlaceholder.framework */; };
/* End PBXBuildFile section */

/* Begin PBXFileReference section */
		0D269F39287F115C0094D15A /* UsersRepository.swift */ = {isa = PBXFileReference; lastKnownFileType = sourcecode.swift; path = UsersRepository.swift; sourceTree = "<group>"; };
		0D269F3B287F1F810094D15A /* CollectionExtensions.swift */ = {isa = PBXFileReference; lastKnownFileType = sourcecode.swift; path = CollectionExtensions.swift; sourceTree = "<group>"; };
		0D4213CA28815C3600FBBD57 /* Router.swift */ = {isa = PBXFileReference; lastKnownFileType = sourcecode.swift; path = Router.swift; sourceTree = "<group>"; };
		0D4213CC28815FFA00FBBD57 /* UserDetailsPresenter.swift */ = {isa = PBXFileReference; lastKnownFileType = sourcecode.swift; path = UserDetailsPresenter.swift; sourceTree = "<group>"; };
		0D4213CE2881602C00FBBD57 /* UserDetailsViewProtocol.swift */ = {isa = PBXFileReference; lastKnownFileType = sourcecode.swift; path = UserDetailsViewProtocol.swift; sourceTree = "<group>"; };
		0D54B90E2880216C00F1F403 /* Podfile */ = {isa = PBXFileReference; lastKnownFileType = text; path = Podfile; sourceTree = "<group>"; };
		0D54B910288029AE00F1F403 /* UsersService.swift */ = {isa = PBXFileReference; lastKnownFileType = sourcecode.swift; path = UsersService.swift; sourceTree = "<group>"; };
		0D54B912288035A800F1F403 /* StringExtensions.swift */ = {isa = PBXFileReference; lastKnownFileType = sourcecode.swift; path = StringExtensions.swift; sourceTree = "<group>"; };
		0D54B91528803DD900F1F403 /* UsersViewProtocol.swift */ = {isa = PBXFileReference; lastKnownFileType = sourcecode.swift; path = UsersViewProtocol.swift; sourceTree = "<group>"; };
		0D54B9172880404F00F1F403 /* ModuleBuilder.swift */ = {isa = PBXFileReference; lastKnownFileType = sourcecode.swift; path = ModuleBuilder.swift; sourceTree = "<group>"; };
		0D74AB79287D7C1700A489AD /* UsersListPlaceholder.app */ = {isa = PBXFileReference; explicitFileType = wrapper.application; includeInIndex = 0; path = UsersListPlaceholder.app; sourceTree = BUILT_PRODUCTS_DIR; };
		0D74AB7C287D7C1700A489AD /* AppDelegate.swift */ = {isa = PBXFileReference; lastKnownFileType = sourcecode.swift; path = AppDelegate.swift; sourceTree = "<group>"; };
		0D74AB7E287D7C1700A489AD /* SceneDelegate.swift */ = {isa = PBXFileReference; lastKnownFileType = sourcecode.swift; path = SceneDelegate.swift; sourceTree = "<group>"; };
		0D74AB83287D7C1700A489AD /* Base */ = {isa = PBXFileReference; lastKnownFileType = file.storyboard; name = Base; path = Base.lproj/Main.storyboard; sourceTree = "<group>"; };
		0D74AB85287D7C1900A489AD /* Assets.xcassets */ = {isa = PBXFileReference; lastKnownFileType = folder.assetcatalog; path = Assets.xcassets; sourceTree = "<group>"; };
		0D74AB88287D7C1900A489AD /* Base */ = {isa = PBXFileReference; lastKnownFileType = file.storyboard; name = Base; path = Base.lproj/LaunchScreen.storyboard; sourceTree = "<group>"; };
		0D74AB8A287D7C1900A489AD /* Info.plist */ = {isa = PBXFileReference; lastKnownFileType = text.plist.xml; path = Info.plist; sourceTree = "<group>"; };
		0D74AB91287D81AD00A489AD /* UserEntity.swift */ = {isa = PBXFileReference; lastKnownFileType = sourcecode.swift; path = UserEntity.swift; sourceTree = "<group>"; };
		0D74AB97287D835C00A489AD /* UsersTableViewController.swift */ = {isa = PBXFileReference; lastKnownFileType = sourcecode.swift; path = UsersTableViewController.swift; sourceTree = "<group>"; };
		0D74AB99287D87A900A489AD /* UserTableViewCell.swift */ = {isa = PBXFileReference; lastKnownFileType = sourcecode.swift; path = UserTableViewCell.swift; sourceTree = "<group>"; };
		0D74ABA1287D971700A489AD /* UsersPresenter.swift */ = {isa = PBXFileReference; lastKnownFileType = sourcecode.swift; path = UsersPresenter.swift; sourceTree = "<group>"; };
		0D74ABA3287D978B00A489AD /* Result.swift */ = {isa = PBXFileReference; lastKnownFileType = sourcecode.swift; path = Result.swift; sourceTree = "<group>"; };
		0D74ABA5287DA6C700A489AD /* UserUI.swift */ = {isa = PBXFileReference; lastKnownFileType = sourcecode.swift; path = UserUI.swift; sourceTree = "<group>"; };
		0D74ABA7287DA6FE00A489AD /* UserExtensions.swift */ = {isa = PBXFileReference; lastKnownFileType = sourcecode.swift; path = UserExtensions.swift; sourceTree = "<group>"; };
		0D74ABA9287DB02900A489AD /* UserDetailsViewController.swift */ = {isa = PBXFileReference; lastKnownFileType = sourcecode.swift; path = UserDetailsViewController.swift; sourceTree = "<group>"; };
		9B4CAD3D7D9C6EBC5C4017C9 /* Pods-UsersListPlaceholder.debug.xcconfig */ = {isa = PBXFileReference; includeInIndex = 1; lastKnownFileType = text.xcconfig; name = "Pods-UsersListPlaceholder.debug.xcconfig"; path = "Target Support Files/Pods-UsersListPlaceholder/Pods-UsersListPlaceholder.debug.xcconfig"; sourceTree = "<group>"; };
		AD20DF78093EE9F5E002B85C /* Pods-UsersListPlaceholder.release.xcconfig */ = {isa = PBXFileReference; includeInIndex = 1; lastKnownFileType = text.xcconfig; name = "Pods-UsersListPlaceholder.release.xcconfig"; path = "Target Support Files/Pods-UsersListPlaceholder/Pods-UsersListPlaceholder.release.xcconfig"; sourceTree = "<group>"; };
		E783C92B6080E6AAE22EC58E /* Pods_UsersListPlaceholder.framework */ = {isa = PBXFileReference; explicitFileType = wrapper.framework; includeInIndex = 0; path = Pods_UsersListPlaceholder.framework; sourceTree = BUILT_PRODUCTS_DIR; };
/* End PBXFileReference section */

/* Begin PBXFrameworksBuildPhase section */
		0D74AB76287D7C1700A489AD /* Frameworks */ = {
			isa = PBXFrameworksBuildPhase;
			buildActionMask = 2147483647;
			files = (
				EC35EF69E3D4AF3201EC7AF7 /* Pods_UsersListPlaceholder.framework in Frameworks */,
			);
			runOnlyForDeploymentPostprocessing = 0;
		};
/* End PBXFrameworksBuildPhase section */

/* Begin PBXGroup section */
		0D269F34287F0E630094D15A /* App */ = {
			isa = PBXGroup;
			children = (
				0D74AB7C287D7C1700A489AD /* AppDelegate.swift */,
				0D74AB7E287D7C1700A489AD /* SceneDelegate.swift */,
				0D54B9172880404F00F1F403 /* ModuleBuilder.swift */,
				0D4213CA28815C3600FBBD57 /* Router.swift */,
			);
			path = App;
			sourceTree = "<group>";
		};
		0D269F35287F0E9A0094D15A /* Views */ = {
			isa = PBXGroup;
			children = (
				0D74AB97287D835C00A489AD /* UsersTableViewController.swift */,
				0D74AB99287D87A900A489AD /* UserTableViewCell.swift */,
				0D74ABA9287DB02900A489AD /* UserDetailsViewController.swift */,
			);
			path = Views;
			sourceTree = "<group>";
		};
		0D269F38287F11500094D15A /* Network */ = {
			isa = PBXGroup;
			children = (
				0D74ABA3287D978B00A489AD /* Result.swift */,
				0D54B910288029AE00F1F403 /* UsersService.swift */,
			);
			path = Network;
			sourceTree = "<group>";
		};
		0D54B914288037B400F1F403 /* Repositories */ = {
			isa = PBXGroup;
			children = (
				0D269F39287F115C0094D15A /* UsersRepository.swift */,
			);
			path = Repositories;
			sourceTree = "<group>";
		};
		0D54B9192880405800F1F403 /* UsersModule */ = {
			isa = PBXGroup;
			children = (
				0D74AB90287D7EE900A489AD /* Models */,
				0D54B914288037B400F1F403 /* Repositories */,
				0D269F38287F11500094D15A /* Network */,
				0D269F35287F0E9A0094D15A /* Views */,
				0D74ABA0287D96FA00A489AD /* Presenters */,
			);
			path = UsersModule;
			sourceTree = "<group>";
		};
		0D74AB70287D7C1700A489AD = {
			isa = PBXGroup;
			children = (
				0D54B90E2880216C00F1F403 /* Podfile */,
				0D74AB7B287D7C1700A489AD /* UsersListPlaceholder */,
				0D74AB7A287D7C1700A489AD /* Products */,
				68E7400D7490B77252383453 /* Frameworks */,
				35B74CB8F01D0EB16E69EC75 /* Pods */,
			);
			sourceTree = "<group>";
		};
		0D74AB7A287D7C1700A489AD /* Products */ = {
			isa = PBXGroup;
			children = (
				0D74AB79287D7C1700A489AD /* UsersListPlaceholder.app */,
			);
			name = Products;
			sourceTree = "<group>";
		};
		0D74AB7B287D7C1700A489AD /* UsersListPlaceholder */ = {
			isa = PBXGroup;
			children = (
				0D54B9192880405800F1F403 /* UsersModule */,
				0D74AB9D287D935600A489AD /* Extensions */,
				0D269F34287F0E630094D15A /* App */,
				0D74AB82287D7C1700A489AD /* Main.storyboard */,
				0D74AB85287D7C1900A489AD /* Assets.xcassets */,
				0D74AB87287D7C1900A489AD /* LaunchScreen.storyboard */,
				0D74AB8A287D7C1900A489AD /* Info.plist */,
			);
			path = UsersListPlaceholder;
			sourceTree = "<group>";
		};
		0D74AB90287D7EE900A489AD /* Models */ = {
			isa = PBXGroup;
			children = (
				0D74AB91287D81AD00A489AD /* UserEntity.swift */,
				0D74ABA5287DA6C700A489AD /* UserUI.swift */,
			);
			path = Models;
			sourceTree = "<group>";
		};
		0D74AB9D287D935600A489AD /* Extensions */ = {
			isa = PBXGroup;
			children = (
				0D74ABA7287DA6FE00A489AD /* UserExtensions.swift */,
				0D269F3B287F1F810094D15A /* CollectionExtensions.swift */,
				0D54B912288035A800F1F403 /* StringExtensions.swift */,
			);
			path = Extensions;
			sourceTree = "<group>";
		};
		0D74ABA0287D96FA00A489AD /* Presenters */ = {
			isa = PBXGroup;
			children = (
				0D54B91528803DD900F1F403 /* UsersViewProtocol.swift */,
				0D4213CE2881602C00FBBD57 /* UserDetailsViewProtocol.swift */,
				0D74ABA1287D971700A489AD /* UsersPresenter.swift */,
				0D4213CC28815FFA00FBBD57 /* UserDetailsPresenter.swift */,
			);
			path = Presenters;
			sourceTree = "<group>";
		};
		35B74CB8F01D0EB16E69EC75 /* Pods */ = {
			isa = PBXGroup;
			children = (
				9B4CAD3D7D9C6EBC5C4017C9 /* Pods-UsersListPlaceholder.debug.xcconfig */,
				AD20DF78093EE9F5E002B85C /* Pods-UsersListPlaceholder.release.xcconfig */,
			);
			path = Pods;
			sourceTree = "<group>";
		};
		68E7400D7490B77252383453 /* Frameworks */ = {
			isa = PBXGroup;
			children = (
				E783C92B6080E6AAE22EC58E /* Pods_UsersListPlaceholder.framework */,
			);
			name = Frameworks;
			sourceTree = "<group>";
		};
/* End PBXGroup section */

/* Begin PBXNativeTarget section */
		0D74AB78287D7C1700A489AD /* UsersListPlaceholder */ = {
			isa = PBXNativeTarget;
			buildConfigurationList = 0D74AB8D287D7C1900A489AD /* Build configuration list for PBXNativeTarget "UsersListPlaceholder" */;
			buildPhases = (
				8116BCA16BA222402EED7B59 /* [CP] Check Pods Manifest.lock */,
				0D74AB75287D7C1700A489AD /* Sources */,
				0D74AB76287D7C1700A489AD /* Frameworks */,
				0D74AB77287D7C1700A489AD /* Resources */,
				FA319A5A0DC04C31172655D6 /* [CP] Embed Pods Frameworks */,
			);
			buildRules = (
			);
			dependencies = (
			);
			name = UsersListPlaceholder;
			productName = JsonPlaceholder;
			productReference = 0D74AB79287D7C1700A489AD /* UsersListPlaceholder.app */;
			productType = "com.apple.product-type.application";
		};
/* End PBXNativeTarget section */

/* Begin PBXProject section */
		0D74AB71287D7C1700A489AD /* Project object */ = {
			isa = PBXProject;
			attributes = {
				BuildIndependentTargetsInParallel = 1;
				LastSwiftUpdateCheck = 1340;
				LastUpgradeCheck = 1340;
				TargetAttributes = {
					0D74AB78287D7C1700A489AD = {
						CreatedOnToolsVersion = 13.4.1;
					};
				};
			};
			buildConfigurationList = 0D74AB74287D7C1700A489AD /* Build configuration list for PBXProject "UsersListPlaceholder" */;
			compatibilityVersion = "Xcode 13.0";
			developmentRegion = en;
			hasScannedForEncodings = 0;
			knownRegions = (
				en,
				Base,
			);
			mainGroup = 0D74AB70287D7C1700A489AD;
			productRefGroup = 0D74AB7A287D7C1700A489AD /* Products */;
			projectDirPath = "";
			projectRoot = "";
			targets = (
				0D74AB78287D7C1700A489AD /* UsersListPlaceholder */,
			);
		};
/* End PBXProject section */

/* Begin PBXResourcesBuildPhase section */
		0D74AB77287D7C1700A489AD /* Resources */ = {
			isa = PBXResourcesBuildPhase;
			buildActionMask = 2147483647;
			files = (
				0D54B90F2880216C00F1F403 /* Podfile in Resources */,
				0D74AB89287D7C1900A489AD /* LaunchScreen.storyboard in Resources */,
				0D74AB86287D7C1900A489AD /* Assets.xcassets in Resources */,
				0D74AB84287D7C1700A489AD /* Main.storyboard in Resources */,
			);
			runOnlyForDeploymentPostprocessing = 0;
		};
/* End PBXResourcesBuildPhase section */

/* Begin PBXShellScriptBuildPhase section */
		8116BCA16BA222402EED7B59 /* [CP] Check Pods Manifest.lock */ = {
			isa = PBXShellScriptBuildPhase;
			buildActionMask = 2147483647;
			files = (
			);
			inputFileListPaths = (
			);
			inputPaths = (
				"${PODS_PODFILE_DIR_PATH}/Podfile.lock",
				"${PODS_ROOT}/Manifest.lock",
			);
			name = "[CP] Check Pods Manifest.lock";
			outputFileListPaths = (
			);
			outputPaths = (
				"$(DERIVED_FILE_DIR)/Pods-UsersListPlaceholder-checkManifestLockResult.txt",
			);
			runOnlyForDeploymentPostprocessing = 0;
			shellPath = /bin/sh;
			shellScript = "diff \"${PODS_PODFILE_DIR_PATH}/Podfile.lock\" \"${PODS_ROOT}/Manifest.lock\" > /dev/null\nif [ $? != 0 ] ; then\n    # print error to STDERR\n    echo \"error: The sandbox is not in sync with the Podfile.lock. Run 'pod install' or update your CocoaPods installation.\" >&2\n    exit 1\nfi\n# This output is used by Xcode 'outputs' to avoid re-running this script phase.\necho \"SUCCESS\" > \"${SCRIPT_OUTPUT_FILE_0}\"\n";
			showEnvVarsInLog = 0;
		};
		FA319A5A0DC04C31172655D6 /* [CP] Embed Pods Frameworks */ = {
			isa = PBXShellScriptBuildPhase;
			buildActionMask = 2147483647;
			files = (
			);
			inputFileListPaths = (
				"${PODS_ROOT}/Target Support Files/Pods-UsersListPlaceholder/Pods-UsersListPlaceholder-frameworks-${CONFIGURATION}-input-files.xcfilelist",
			);
			name = "[CP] Embed Pods Frameworks";
			outputFileListPaths = (
				"${PODS_ROOT}/Target Support Files/Pods-UsersListPlaceholder/Pods-UsersListPlaceholder-frameworks-${CONFIGURATION}-output-files.xcfilelist",
			);
			runOnlyForDeploymentPostprocessing = 0;
			shellPath = /bin/sh;
			shellScript = "\"${PODS_ROOT}/Target Support Files/Pods-UsersListPlaceholder/Pods-UsersListPlaceholder-frameworks.sh\"\n";
			showEnvVarsInLog = 0;
		};
/* End PBXShellScriptBuildPhase section */

/* Begin PBXSourcesBuildPhase section */
		0D74AB75287D7C1700A489AD /* Sources */ = {
			isa = PBXSourcesBuildPhase;
			buildActionMask = 2147483647;
			files = (
				0D74ABA8287DA6FE00A489AD /* UserExtensions.swift in Sources */,
				0D54B91628803DD900F1F403 /* UsersViewProtocol.swift in Sources */,
				0D269F3C287F1F810094D15A /* CollectionExtensions.swift in Sources */,
				0D74AB92287D81AD00A489AD /* UserEntity.swift in Sources */,
				0D54B911288029AE00F1F403 /* UsersService.swift in Sources */,
				0D74AB7D287D7C1700A489AD /* AppDelegate.swift in Sources */,
				0D269F3A287F115C0094D15A /* UsersRepository.swift in Sources */,
				0D74AB98287D835C00A489AD /* UsersTableViewController.swift in Sources */,
				0D54B913288035A800F1F403 /* StringExtensions.swift in Sources */,
				0D4213CF2881602C00FBBD57 /* UserDetailsViewProtocol.swift in Sources */,
				0D74ABA4287D978B00A489AD /* Result.swift in Sources */,
				0D4213CB28815C3600FBBD57 /* Router.swift in Sources */,
				0D74AB7F287D7C1700A489AD /* SceneDelegate.swift in Sources */,
				0D54B9182880404F00F1F403 /* ModuleBuilder.swift in Sources */,
				0D74ABA2287D971700A489AD /* UsersPresenter.swift in Sources */,
				0D74ABAA287DB02900A489AD /* UserDetailsViewController.swift in Sources */,
				0D74ABA6287DA6C700A489AD /* UserUI.swift in Sources */,
				0D4213CD28815FFA00FBBD57 /* UserDetailsPresenter.swift in Sources */,
				0D74AB9B287D87A900A489AD /* UserTableViewCell.swift in Sources */,
			);
			runOnlyForDeploymentPostprocessing = 0;
		};
/* End PBXSourcesBuildPhase section */

/* Begin PBXVariantGroup section */
		0D74AB82287D7C1700A489AD /* Main.storyboard */ = {
			isa = PBXVariantGroup;
			children = (
				0D74AB83287D7C1700A489AD /* Base */,
			);
			name = Main.storyboard;
			sourceTree = "<group>";
		};
		0D74AB87287D7C1900A489AD /* LaunchScreen.storyboard */ = {
			isa = PBXVariantGroup;
			children = (
				0D74AB88287D7C1900A489AD /* Base */,
			);
			name = LaunchScreen.storyboard;
			sourceTree = "<group>";
		};
/* End PBXVariantGroup section */

/* Begin XCBuildConfiguration section */
		0D74AB8B287D7C1900A489AD /* Debug */ = {
			isa = XCBuildConfiguration;
			buildSettings = {
				ALWAYS_SEARCH_USER_PATHS = NO;
				CLANG_ANALYZER_NONNULL = YES;
				CLANG_ANALYZER_NUMBER_OBJECT_CONVERSION = YES_AGGRESSIVE;
				CLANG_CXX_LANGUAGE_STANDARD = "gnu++17";
				CLANG_ENABLE_MODULES = YES;
				CLANG_ENABLE_OBJC_ARC = YES;
				CLANG_ENABLE_OBJC_WEAK = YES;
				CLANG_WARN_BLOCK_CAPTURE_AUTORELEASING = YES;
				CLANG_WARN_BOOL_CONVERSION = YES;
				CLANG_WARN_COMMA = YES;
				CLANG_WARN_CONSTANT_CONVERSION = YES;
				CLANG_WARN_DEPRECATED_OBJC_IMPLEMENTATIONS = YES;
				CLANG_WARN_DIRECT_OBJC_ISA_USAGE = YES_ERROR;
				CLANG_WARN_DOCUMENTATION_COMMENTS = YES;
				CLANG_WARN_EMPTY_BODY = YES;
				CLANG_WARN_ENUM_CONVERSION = YES;
				CLANG_WARN_INFINITE_RECURSION = YES;
				CLANG_WARN_INT_CONVERSION = YES;
				CLANG_WARN_NON_LITERAL_NULL_CONVERSION = YES;
				CLANG_WARN_OBJC_IMPLICIT_RETAIN_SELF = YES;
				CLANG_WARN_OBJC_LITERAL_CONVERSION = YES;
				CLANG_WARN_OBJC_ROOT_CLASS = YES_ERROR;
				CLANG_WARN_QUOTED_INCLUDE_IN_FRAMEWORK_HEADER = YES;
				CLANG_WARN_RANGE_LOOP_ANALYSIS = YES;
				CLANG_WARN_STRICT_PROTOTYPES = YES;
				CLANG_WARN_SUSPICIOUS_MOVE = YES;
				CLANG_WARN_UNGUARDED_AVAILABILITY = YES_AGGRESSIVE;
				CLANG_WARN_UNREACHABLE_CODE = YES;
				CLANG_WARN__DUPLICATE_METHOD_MATCH = YES;
				COPY_PHASE_STRIP = NO;
				DEBUG_INFORMATION_FORMAT = dwarf;
				ENABLE_STRICT_OBJC_MSGSEND = YES;
				ENABLE_TESTABILITY = YES;
				GCC_C_LANGUAGE_STANDARD = gnu11;
				GCC_DYNAMIC_NO_PIC = NO;
				GCC_NO_COMMON_BLOCKS = YES;
				GCC_OPTIMIZATION_LEVEL = 0;
				GCC_PREPROCESSOR_DEFINITIONS = (
					"DEBUG=1",
					"$(inherited)",
				);
				GCC_WARN_64_TO_32_BIT_CONVERSION = YES;
				GCC_WARN_ABOUT_RETURN_TYPE = YES_ERROR;
				GCC_WARN_UNDECLARED_SELECTOR = YES;
				GCC_WARN_UNINITIALIZED_AUTOS = YES_AGGRESSIVE;
				GCC_WARN_UNUSED_FUNCTION = YES;
				GCC_WARN_UNUSED_VARIABLE = YES;
				IPHONEOS_DEPLOYMENT_TARGET = 15.5;
				MTL_ENABLE_DEBUG_INFO = INCLUDE_SOURCE;
				MTL_FAST_MATH = YES;
				ONLY_ACTIVE_ARCH = YES;
				SDKROOT = iphoneos;
				SWIFT_ACTIVE_COMPILATION_CONDITIONS = DEBUG;
				SWIFT_OPTIMIZATION_LEVEL = "-Onone";
			};
			name = Debug;
		};
		0D74AB8C287D7C1900A489AD /* Release */ = {
			isa = XCBuildConfiguration;
			buildSettings = {
				ALWAYS_SEARCH_USER_PATHS = NO;
				CLANG_ANALYZER_NONNULL = YES;
				CLANG_ANALYZER_NUMBER_OBJECT_CONVERSION = YES_AGGRESSIVE;
				CLANG_CXX_LANGUAGE_STANDARD = "gnu++17";
				CLANG_ENABLE_MODULES = YES;
				CLANG_ENABLE_OBJC_ARC = YES;
				CLANG_ENABLE_OBJC_WEAK = YES;
				CLANG_WARN_BLOCK_CAPTURE_AUTORELEASING = YES;
				CLANG_WARN_BOOL_CONVERSION = YES;
				CLANG_WARN_COMMA = YES;
				CLANG_WARN_CONSTANT_CONVERSION = YES;
				CLANG_WARN_DEPRECATED_OBJC_IMPLEMENTATIONS = YES;
				CLANG_WARN_DIRECT_OBJC_ISA_USAGE = YES_ERROR;
				CLANG_WARN_DOCUMENTATION_COMMENTS = YES;
				CLANG_WARN_EMPTY_BODY = YES;
				CLANG_WARN_ENUM_CONVERSION = YES;
				CLANG_WARN_INFINITE_RECURSION = YES;
				CLANG_WARN_INT_CONVERSION = YES;
				CLANG_WARN_NON_LITERAL_NULL_CONVERSION = YES;
				CLANG_WARN_OBJC_IMPLICIT_RETAIN_SELF = YES;
				CLANG_WARN_OBJC_LITERAL_CONVERSION = YES;
				CLANG_WARN_OBJC_ROOT_CLASS = YES_ERROR;
				CLANG_WARN_QUOTED_INCLUDE_IN_FRAMEWORK_HEADER = YES;
				CLANG_WARN_RANGE_LOOP_ANALYSIS = YES;
				CLANG_WARN_STRICT_PROTOTYPES = YES;
				CLANG_WARN_SUSPICIOUS_MOVE = YES;
				CLANG_WARN_UNGUARDED_AVAILABILITY = YES_AGGRESSIVE;
				CLANG_WARN_UNREACHABLE_CODE = YES;
				CLANG_WARN__DUPLICATE_METHOD_MATCH = YES;
				COPY_PHASE_STRIP = NO;
				DEBUG_INFORMATION_FORMAT = "dwarf-with-dsym";
				ENABLE_NS_ASSERTIONS = NO;
				ENABLE_STRICT_OBJC_MSGSEND = YES;
				GCC_C_LANGUAGE_STANDARD = gnu11;
				GCC_NO_COMMON_BLOCKS = YES;
				GCC_WARN_64_TO_32_BIT_CONVERSION = YES;
				GCC_WARN_ABOUT_RETURN_TYPE = YES_ERROR;
				GCC_WARN_UNDECLARED_SELECTOR = YES;
				GCC_WARN_UNINITIALIZED_AUTOS = YES_AGGRESSIVE;
				GCC_WARN_UNUSED_FUNCTION = YES;
				GCC_WARN_UNUSED_VARIABLE = YES;
				IPHONEOS_DEPLOYMENT_TARGET = 15.5;
				MTL_ENABLE_DEBUG_INFO = NO;
				MTL_FAST_MATH = YES;
				SDKROOT = iphoneos;
				SWIFT_COMPILATION_MODE = wholemodule;
				SWIFT_OPTIMIZATION_LEVEL = "-O";
				VALIDATE_PRODUCT = YES;
			};
			name = Release;
		};
		0D74AB8E287D7C1900A489AD /* Debug */ = {
			isa = XCBuildConfiguration;
			baseConfigurationReference = 9B4CAD3D7D9C6EBC5C4017C9 /* Pods-UsersListPlaceholder.debug.xcconfig */;
			buildSettings = {
				ASSETCATALOG_COMPILER_APPICON_NAME = AppIcon;
				ASSETCATALOG_COMPILER_GLOBAL_ACCENT_COLOR_NAME = AccentColor;
				CODE_SIGN_STYLE = Automatic;
				CURRENT_PROJECT_VERSION = 1;
				DEVELOPMENT_TEAM = AG3425642R;
				GENERATE_INFOPLIST_FILE = YES;
				INFOPLIST_FILE = UsersListPlaceholder/Info.plist;
				INFOPLIST_KEY_UIApplicationSupportsIndirectInputEvents = YES;
				INFOPLIST_KEY_UILaunchStoryboardName = LaunchScreen;
				INFOPLIST_KEY_UIMainStoryboardFile = Main;
				INFOPLIST_KEY_UISupportedInterfaceOrientations = UIInterfaceOrientationPortrait;
				INFOPLIST_KEY_UISupportedInterfaceOrientations_iPad = "UIInterfaceOrientationPortrait UIInterfaceOrientationPortraitUpsideDown UIInterfaceOrientationLandscapeLeft UIInterfaceOrientationLandscapeRight";
				INFOPLIST_KEY_UISupportedInterfaceOrientations_iPhone = "UIInterfaceOrientationPortrait UIInterfaceOrientationLandscapeLeft UIInterfaceOrientationLandscapeRight";
				IPHONEOS_DEPLOYMENT_TARGET = 14.0;
				LD_RUNPATH_SEARCH_PATHS = (
					"$(inherited)",
					"@executable_path/Frameworks",
				);
				MARKETING_VERSION = 1.0;
				PRODUCT_BUNDLE_IDENTIFIER = com.kopylovis.UsersListPlaceholder;
				PRODUCT_NAME = "$(TARGET_NAME)";
				SWIFT_EMIT_LOC_STRINGS = YES;
				SWIFT_VERSION = 5.0;
				TARGETED_DEVICE_FAMILY = 1;
			};
			name = Debug;
		};
		0D74AB8F287D7C1900A489AD /* Release */ = {
			isa = XCBuildConfiguration;
			baseConfigurationReference = AD20DF78093EE9F5E002B85C /* Pods-UsersListPlaceholder.release.xcconfig */;
			buildSettings = {
				ASSETCATALOG_COMPILER_APPICON_NAME = AppIcon;
				ASSETCATALOG_COMPILER_GLOBAL_ACCENT_COLOR_NAME = AccentColor;
				CODE_SIGN_STYLE = Automatic;
				CURRENT_PROJECT_VERSION = 1;
				DEVELOPMENT_TEAM = AG3425642R;
				GENERATE_INFOPLIST_FILE = YES;
				INFOPLIST_FILE = UsersListPlaceholder/Info.plist;
				INFOPLIST_KEY_UIApplicationSupportsIndirectInputEvents = YES;
				INFOPLIST_KEY_UILaunchStoryboardName = LaunchScreen;
				INFOPLIST_KEY_UIMainStoryboardFile = Main;
				INFOPLIST_KEY_UISupportedInterfaceOrientations = UIInterfaceOrientationPortrait;
				INFOPLIST_KEY_UISupportedInterfaceOrientations_iPad = "UIInterfaceOrientationPortrait UIInterfaceOrientationPortraitUpsideDown UIInterfaceOrientationLandscapeLeft UIInterfaceOrientationLandscapeRight";
				INFOPLIST_KEY_UISupportedInterfaceOrientations_iPhone = "UIInterfaceOrientationPortrait UIInterfaceOrientationLandscapeLeft UIInterfaceOrientationLandscapeRight";
				IPHONEOS_DEPLOYMENT_TARGET = 14.0;
				LD_RUNPATH_SEARCH_PATHS = (
					"$(inherited)",
					"@executable_path/Frameworks",
				);
				MARKETING_VERSION = 1.0;
				PRODUCT_BUNDLE_IDENTIFIER = com.kopylovis.UsersListPlaceholder;
				PRODUCT_NAME = "$(TARGET_NAME)";
				SWIFT_EMIT_LOC_STRINGS = YES;
				SWIFT_VERSION = 5.0;
				TARGETED_DEVICE_FAMILY = 1;
			};
			name = Release;
		};
/* End XCBuildConfiguration section */

/* Begin XCConfigurationList section */
		0D74AB74287D7C1700A489AD /* Build configuration list for PBXProject "UsersListPlaceholder" */ = {
			isa = XCConfigurationList;
			buildConfigurations = (
				0D74AB8B287D7C1900A489AD /* Debug */,
				0D74AB8C287D7C1900A489AD /* Release */,
			);
			defaultConfigurationIsVisible = 0;
			defaultConfigurationName = Release;
		};
		0D74AB8D287D7C1900A489AD /* Build configuration list for PBXNativeTarget "UsersListPlaceholder" */ = {
			isa = XCConfigurationList;
			buildConfigurations = (
				0D74AB8E287D7C1900A489AD /* Debug */,
				0D74AB8F287D7C1900A489AD /* Release */,
			);
			defaultConfigurationIsVisible = 0;
			defaultConfigurationName = Release;
		};
/* End XCConfigurationList section */
	};
	rootObject = 0D74AB71287D7C1700A489AD /* Project object */;
}
